
Microsoft Visual Studio Solution File, Format Version 12.00
# Visual Studio Version 17
VisualStudioVersion = 17.2.32519.379
MinimumVisualStudioVersion = 10.0.40219.1
Project("{FAE04EC0-301F-11D3-BF4B-00C04F79EFBC}") = "BookCatalog", "BookCatalog.csproj", "{A58407F0-A476-48B0-9BDB-872B450F30CE}"
EndProject
Global
	GlobalSection(SolutionConfigurationPlatforms) = preSolution
		Debug|Any CPU = Debug|Any CPU
		Release|Any CPU = Release|Any CPU
	EndGlobalSection
	GlobalSection(ProjectConfigurationPlatforms) = postSolution
		{A58407F0-A476-48B0-9BDB-872B450F30CE}.Debug|Any CPU.ActiveCfg = Debug|Any CPU
		{A58407F0-A476-48B0-9BDB-872B450F30CE}.Debug|Any CPU.Build.0 = Debug|Any CPU
		{A58407F0-A476-48B0-9BDB-872B450F30CE}.Release|Any CPU.ActiveCfg = Release|Any CPU
		{A58407F0-A476-48B0-9BDB-872B450F30CE}.Release|Any CPU.Build.0 = Release|Any CPU
	EndGlobalSection
	GlobalSection(SolutionProperties) = preSolution
		HideSolutionNode = FALSE
	EndGlobalSection
	GlobalSection(ExtensibilityGlobals) = postSolution
		SolutionGuid = {DB56FBD0-0AF8-4D71-AFEF-24896465306F}
	EndGlobalSection
EndGlobal
